{
  "name": "gamevault",
  "version": "1.0.0",
  "lockfileVersion": 3,
  "requires": true,
  "packages": {
    "": {
      "name": "gamevault",
      "version": "1.0.0",
      "dependencies": {
        "blakejs": "^1.2.1",
        "tweetnacl": "^1.0.3"
      },
      "engines": {
        "node": ">=20"
      }
    },
    "node_modules/blakejs": {
      "version": "1.2.1",
      "resolved": "https://ms-feed-12.pkgs.visualstudio.com/1es-public/_packaging/npm-public/npm/registry/blakejs/-/blakejs-1.2.1.tgz",
      "integrity": "sha1-UFfkIG6ttKl/fAtuGXpQUEL8OBQ=",
      "license": "MIT"
    },
    "node_modules/tweetnacl": {
      "version": "1.0.3",
      "resolved": "https://ms-feed-2.pkgs.visualstudio.com/1es-public/_packaging/npm-public/npm/registry/tweetnacl/-/tweetnacl-1.0.3.tgz",
      "integrity": "sha1-rAr3FoBFjYpjeNDQ0FCrFAfTVZY=",
      "license": "Unlicense"
    }
  }
}
